<?xml version="1.0" encoding="utf-8"?>
<Project ToolsVersion="4.0" xmlns="http://schemas.microsoft.com/developer/msbuild/2003">
  <ItemGroup>
    <Filter Include="Source Files">
      <UniqueIdentifier>{4FC737F1-C7A5-4376-A066-2A32D752A2FF}</UniqueIdentifier>
      <Extensions>cpp;c;cc;cxx;def;odl;idl;hpj;bat;asm;asmx</Extensions>
    </Filter>
    <Filter Include="Header Files">
      <UniqueIdentifier>{93995380-89BD-4b04-88EB-625FBE52EBFB}</UniqueIdentifier>
      <Extensions>h;hh;hpp;hxx;hm;inl;inc;xsd</Extensions>
    </Filter>
    <Filter Include="Resource Files">
      <UniqueIdentifier>{67DA6AB6-F800-4c08-8B7A-83BB121AAD01}</UniqueIdentifier>
      <Extensions>rc;ico;cur;bmp;dlg;rc2;rct;bin;rgs;gif;jpg;jpeg;jpe;resx;tiff;tif;png;wav;mfcribbon-ms</Extensions>
    </Filter>
  </ItemGroup>
  <ItemGroup>
    <ClInclude Include="F:\projects\maestro4.x\gui\res\resource.h">
      <Filter>Resource Files</Filter>
    </ClInclude>
    <ClInclude Include="F:\projects\maestro4.x\gui\clrbutton.h">
      <Filter>Header Files</Filter>
    </ClInclude>
    <ClInclude Include="F:\projects\maestro4.x\gui\cmdline.h">
      <Filter>Header Files</Filter>
    </ClInclude>
    <ClInclude Include="F:\projects\maestro4.x\gui\cntrlx.h">
      <Filter>Header Files</Filter>
    </ClInclude>
    <ClInclude Include="F:\projects\maestro4.x\gui\cxabout.h">
      <Filter>Header Files</Filter>
    </ClInclude>
    <ClInclude Include="F:\projects\maestro4.x\gui\cxchannel.h">
      <Filter>Header Files</Filter>
    </ClInclude>
    <ClInclude Include="F:\projects\maestro4.x\gui\cxchannelform.h">
      <Filter>Header Files</Filter>
    </ClInclude>
    <ClInclude Include="F:\projects\maestro4.x\gui\cxcontmode.h">
      <Filter>Header Files</Filter>
    </ClInclude>
    <ClInclude Include="F:\projects\maestro4.x\gui\cxcontrolpanel.h">
      <Filter>Header Files</Filter>
    </ClInclude>
    <ClInclude Include="F:\projects\maestro4.x\gui\cxcontrolpaneldlg.h">
      <Filter>Header Files</Filter>
    </ClInclude>
    <ClInclude Include="F:\projects\maestro4.x\gui\cxcontrun.h">
      <Filter>Header Files</Filter>
    </ClInclude>
    <ClInclude Include="F:\projects\maestro4.x\gui\cxcontrunform.h">
      <Filter>Header Files</Filter>
    </ClInclude>
    <ClInclude Include="F:\projects\maestro4.x\gui\cxdoc.h">
      <Filter>Header Files</Filter>
    </ClInclude>
    <ClInclude Include="F:\projects\maestro4.x\gui\cxeyelink.h">
      <Filter>Header Files</Filter>
    </ClInclude>
    <ClInclude Include="F:\projects\maestro4.x\gui\cxeyelinkdlg.h">
      <Filter>Header Files</Filter>
    </ClInclude>
    <ClInclude Include="F:\projects\maestro4.x\gui\cxfileedit.h">
      <Filter>Header Files</Filter>
    </ClInclude>
    <ClInclude Include="F:\projects\maestro4.x\gui\cxfixrewdlg.h">
      <Filter>Header Files</Filter>
    </ClInclude>
    <ClInclude Include="F:\projects\maestro4.x\gui\cxidlemode.h">
      <Filter>Header Files</Filter>
    </ClInclude>
    <ClInclude Include="F:\projects\maestro4.x\gui\cximporter.h">
      <Filter>Header Files</Filter>
    </ClInclude>
    <ClInclude Include="F:\projects\maestro4.x\gui\cxmainframe.h">
      <Filter>Header Files</Filter>
    </ClInclude>
    <ClInclude Include="F:\projects\maestro4.x\gui\cxmodecontrol.h">
      <Filter>Header Files</Filter>
    </ClInclude>
    <ClInclude Include="F:\projects\maestro4.x\gui\cxmovefilequeue.h">
      <Filter>Header Files</Filter>
    </ClInclude>
    <ClInclude Include="F:\projects\maestro4.x\gui\cxmsglogbar.h">
      <Filter>Header Files</Filter>
    </ClInclude>
    <ClInclude Include="F:\projects\maestro4.x\gui\cxobj_ifc.h">
      <Filter>Header Files</Filter>
    </ClInclude>
    <ClInclude Include="F:\projects\maestro4.x\gui\cxobjcombo.h">
      <Filter>Header Files</Filter>
    </ClInclude>
    <ClInclude Include="F:\projects\maestro4.x\gui\cxobjtree.h">
      <Filter>Header Files</Filter>
    </ClInclude>
    <ClInclude Include="F:\projects\maestro4.x\gui\cxpert.h">
      <Filter>Header Files</Filter>
    </ClInclude>
    <ClInclude Include="F:\projects\maestro4.x\gui\cxpertform.h">
      <Filter>Header Files</Filter>
    </ClInclude>
    <ClInclude Include="F:\projects\maestro4.x\gui\cxrandomvar.h">
      <Filter>Header Files</Filter>
    </ClInclude>
    <ClInclude Include="F:\projects\maestro4.x\gui\cxrmvstoredlg.h">
      <Filter>Header Files</Filter>
    </ClInclude>
    <ClInclude Include="F:\projects\maestro4.x\gui\cxrpdistro.h">
      <Filter>Header Files</Filter>
    </ClInclude>
    <ClInclude Include="F:\projects\maestro4.x\gui\cxrpdistrodlg.h">
      <Filter>Header Files</Filter>
    </ClInclude>
    <ClInclude Include="F:\projects\maestro4.x\gui\cxrpdistroview.h">
      <Filter>Header Files</Filter>
    </ClInclude>
    <ClInclude Include="F:\projects\maestro4.x\gui\cxruntime.h">
      <Filter>Header Files</Filter>
    </ClInclude>
    <ClInclude Include="F:\projects\maestro4.x\gui\cxsettings.h">
      <Filter>Header Files</Filter>
    </ClInclude>
    <ClInclude Include="F:\projects\maestro4.x\gui\cxspikehistbar.h">
      <Filter>Header Files</Filter>
    </ClInclude>
    <ClInclude Include="F:\projects\maestro4.x\gui\cxtarget.h">
      <Filter>Header Files</Filter>
    </ClInclude>
    <ClInclude Include="F:\projects\maestro4.x\gui\cxtargform.h">
      <Filter>Header Files</Filter>
    </ClInclude>
    <ClInclude Include="F:\projects\maestro4.x\gui\cxtestmode.h">
      <Filter>Header Files</Filter>
    </ClInclude>
    <ClInclude Include="F:\projects\maestro4.x\gui\cxtreemap.h">
      <Filter>Header Files</Filter>
    </ClInclude>
    <ClInclude Include="F:\projects\maestro4.x\gui\cxtrial.h">
      <Filter>Header Files</Filter>
    </ClInclude>
    <ClInclude Include="F:\projects\maestro4.x\gui\cxtrialform.h">
      <Filter>Header Files</Filter>
    </ClInclude>
    <ClInclude Include="F:\projects\maestro4.x\gui\cxtrialmode.h">
      <Filter>Header Files</Filter>
    </ClInclude>
    <ClInclude Include="F:\projects\maestro4.x\gui\cxtrialseq.h">
      <Filter>Header Files</Filter>
    </ClInclude>
    <ClInclude Include="F:\projects\maestro4.x\gui\cxvideodspdlg.h">
      <Filter>Header Files</Filter>
    </ClInclude>
    <ClInclude Include="F:\projects\maestro4.x\gui\cxviewhint.h">
      <Filter>Header Files</Filter>
    </ClInclude>
    <ClInclude Include="F:\projects\maestro4.x\gui\dib.h">
      <Filter>Header Files</Filter>
    </ClInclude>
    <ClInclude Include="F:\projects\maestro4.x\gui\dirchooser.h">
      <Filter>Header Files</Filter>
    </ClInclude>
    <ClInclude Include="F:\projects\maestro4.x\gui\graphbar.h">
      <Filter>Header Files</Filter>
    </ClInclude>
    <ClInclude Include="F:\projects\maestro4.x\gui\logedit.h">
      <Filter>Header Files</Filter>
    </ClInclude>
    <ClInclude Include="F:\projects\maestro4.x\gui\logsplash.h">
      <Filter>Header Files</Filter>
    </ClInclude>
    <ClInclude Include="F:\projects\maestro4.x\gui\mdrgtree.h">
      <Filter>Header Files</Filter>
    </ClInclude>
    <ClInclude Include="F:\projects\maestro4.x\gui\numedit.h">
      <Filter>Header Files</Filter>
    </ClInclude>
    <ClInclude Include="F:\projects\maestro4.x\gui\splash.h">
      <Filter>Header Files</Filter>
    </ClInclude>
    <ClInclude Include="F:\projects\maestro4.x\gui\stdafx.h">
      <Filter>Header Files</Filter>
    </ClInclude>
    <ClInclude Include="F:\projects\maestro4.x\gui\targetver.h">
      <Filter>Header Files</Filter>
    </ClInclude>
    <ClInclude Include="F:\projects\maestro4.x\gui\treemap.h">
      <Filter>Header Files</Filter>
    </ClInclude>
    <ClInclude Include="F:\projects\maestro4.x\gui\util.h">
      <Filter>Header Files</Filter>
    </ClInclude>
    <ClInclude Include="F:\projects\maestro4.x\gui\visualfx.h">
      <Filter>Header Files</Filter>
    </ClInclude>
    <ClInclude Include="F:\projects\maestro4.x\gui\xyplotbar.h">
      <Filter>Header Files</Filter>
    </ClInclude>
    <ClInclude Include="F:\projects\maestro4.x\gui\fileeditctrl\fileeditctrl.h">
      <Filter>Header Files</Filter>
    </ClInclude>
    <ClInclude Include="F:\projects\maestro4.x\gui\gridctrl\cellrange.h">
      <Filter>Header Files</Filter>
    </ClInclude>
    <ClInclude Include="F:\projects\maestro4.x\gui\gridctrl\gridcell.h">
      <Filter>Header Files</Filter>
    </ClInclude>
    <ClInclude Include="F:\projects\maestro4.x\gui\gridctrl\gridcellbase.h">
      <Filter>Header Files</Filter>
    </ClInclude>
    <ClInclude Include="F:\projects\maestro4.x\gui\gridctrl\gridctrl.h">
      <Filter>Header Files</Filter>
    </ClInclude>
    <ClInclude Include="F:\projects\maestro4.x\gui\gridctrl\griddroptarget.h">
      <Filter>Header Files</Filter>
    </ClInclude>
    <ClInclude Include="F:\projects\maestro4.x\gui\gridctrl\gridmemdc.h">
      <Filter>Header Files</Filter>
    </ClInclude>
    <ClInclude Include="F:\projects\maestro4.x\gui\gridctrl\inplacecombo.h">
      <Filter>Header Files</Filter>
    </ClInclude>
    <ClInclude Include="F:\projects\maestro4.x\gui\gridctrl\inplaceedit.h">
      <Filter>Header Files</Filter>
    </ClInclude>
    <ClInclude Include="F:\projects\maestro4.x\gui\gridctrl\inplacenumedit.h">
      <Filter>Header Files</Filter>
    </ClInclude>
    <ClInclude Include="F:\projects\maestro4.x\gui\gridctrl\inplacetextedit.h">
      <Filter>Header Files</Filter>
    </ClInclude>
    <ClInclude Include="F:\projects\maestro4.x\gui\gridctrl\inplacetree.h">
      <Filter>Header Files</Filter>
    </ClInclude>
    <ClInclude Include="F:\projects\maestro4.x\gui\gridctrl\litegrid.h">
      <Filter>Header Files</Filter>
    </ClInclude>
    <ClInclude Include="F:\projects\maestro4.x\gui\gridctrl\titletip.h">
      <Filter>Header Files</Filter>
    </ClInclude>
    <ClInclude Include="F:\projects\maestro4.x\gui\jmxdoc\jmxdocimporter.h">
      <Filter>Header Files</Filter>
    </ClInclude>
    <ClInclude Include="F:\projects\maestro4.x\gui\jmxdoc\jsonvalue.h">
      <Filter>Header Files</Filter>
    </ClInclude>
    <ClInclude Include="F:\projects\maestro4.x\gui\sizebar\scbarcf.h">
      <Filter>Header Files</Filter>
    </ClInclude>
    <ClInclude Include="F:\projects\maestro4.x\gui\sizebar\scbarg.h">
      <Filter>Header Files</Filter>
    </ClInclude>
    <ClInclude Include="F:\projects\maestro4.x\gui\sizebar\sizecbar.h">
      <Filter>Header Files</Filter>
    </ClInclude>
    <ClInclude Include="F:\projects\maestro4.x\gui\sizebar\szdlgbar.h">
      <Filter>Header Files</Filter>
    </ClInclude>
    <ClInclude Include="F:\projects\maestro4.x\gui\cxrtapi.h">
      <Filter>Header Files</Filter>
    </ClInclude>
    <ClInclude Include="F:\projects\maestro4.x\gui\funcparser.h">
      <Filter>Header Files</Filter>
    </ClInclude>
  </ItemGroup>
  <ItemGroup>
    <ClCompile Include="F:\projects\maestro4.x\gui\clrbutton.cpp">
      <Filter>Source Files</Filter>
    </ClCompile>
    <ClCompile Include="F:\projects\maestro4.x\gui\cmdline.cpp">
      <Filter>Source Files</Filter>
    </ClCompile>
    <ClCompile Include="F:\projects\maestro4.x\gui\cntrlx.cpp">
      <Filter>Source Files</Filter>
    </ClCompile>
    <ClCompile Include="F:\projects\maestro4.x\gui\cxabout.cpp">
      <Filter>Source Files</Filter>
    </ClCompile>
    <ClCompile Include="F:\projects\maestro4.x\gui\cxchannel.cpp">
      <Filter>Source Files</Filter>
    </ClCompile>
    <ClCompile Include="F:\projects\maestro4.x\gui\cxchannelform.cpp">
      <Filter>Source Files</Filter>
    </ClCompile>
    <ClCompile Include="F:\projects\maestro4.x\gui\cxcontmode.cpp">
      <Filter>Source Files</Filter>
    </ClCompile>
    <ClCompile Include="F:\projects\maestro4.x\gui\cxcontrolpanel.cpp">
      <Filter>Source Files</Filter>
    </ClCompile>
    <ClCompile Include="F:\projects\maestro4.x\gui\cxcontrolpaneldlg.cpp">
      <Filter>Source Files</Filter>
    </ClCompile>
    <ClCompile Include="F:\projects\maestro4.x\gui\cxcontrun.cpp">
      <Filter>Source Files</Filter>
    </ClCompile>
    <ClCompile Include="F:\projects\maestro4.x\gui\cxcontrunform.cpp">
      <Filter>Source Files</Filter>
    </ClCompile>
    <ClCompile Include="F:\projects\maestro4.x\gui\cxdoc.cpp">
      <Filter>Source Files</Filter>
    </ClCompile>
    <ClCompile Include="F:\projects\maestro4.x\gui\cxeyelink.cpp">
      <Filter>Source Files</Filter>
    </ClCompile>
    <ClCompile Include="F:\projects\maestro4.x\gui\cxeyelinkdlg.cpp">
      <Filter>Source Files</Filter>
    </ClCompile>
    <ClCompile Include="F:\projects\maestro4.x\gui\cxfileedit.cpp">
      <Filter>Source Files</Filter>
    </ClCompile>
    <ClCompile Include="F:\projects\maestro4.x\gui\cxfixrewdlg.cpp">
      <Filter>Source Files</Filter>
    </ClCompile>
    <ClCompile Include="F:\projects\maestro4.x\gui\cxidlemode.cpp">
      <Filter>Source Files</Filter>
    </ClCompile>
    <ClCompile Include="F:\projects\maestro4.x\gui\cximporter.cpp">
      <Filter>Source Files</Filter>
    </ClCompile>
    <ClCompile Include="F:\projects\maestro4.x\gui\cxmainframe.cpp">
      <Filter>Source Files</Filter>
    </ClCompile>
    <ClCompile Include="F:\projects\maestro4.x\gui\cxmodecontrol.cpp">
      <Filter>Source Files</Filter>
    </ClCompile>
    <ClCompile Include="F:\projects\maestro4.x\gui\cxmovefilequeue.cpp">
      <Filter>Source Files</Filter>
    </ClCompile>
    <ClCompile Include="F:\projects\maestro4.x\gui\cxmsglogbar.cpp">
      <Filter>Source Files</Filter>
    </ClCompile>
    <ClCompile Include="F:\projects\maestro4.x\gui\cxobjcombo.cpp">
      <Filter>Source Files</Filter>
    </ClCompile>
    <ClCompile Include="F:\projects\maestro4.x\gui\cxobjtree.cpp">
      <Filter>Source Files</Filter>
    </ClCompile>
    <ClCompile Include="F:\projects\maestro4.x\gui\cxpert.cpp">
      <Filter>Source Files</Filter>
    </ClCompile>
    <ClCompile Include="F:\projects\maestro4.x\gui\cxpertform.cpp">
      <Filter>Source Files</Filter>
    </ClCompile>
    <ClCompile Include="F:\projects\maestro4.x\gui\cxrandomvar.cpp">
      <Filter>Source Files</Filter>
    </ClCompile>
    <ClCompile Include="F:\projects\maestro4.x\gui\cxrmvstoredlg.cpp">
      <Filter>Source Files</Filter>
    </ClCompile>
    <ClCompile Include="F:\projects\maestro4.x\gui\cxrpdistro.cpp">
      <Filter>Source Files</Filter>
    </ClCompile>
    <ClCompile Include="F:\projects\maestro4.x\gui\cxrpdistrodlg.cpp">
      <Filter>Source Files</Filter>
    </ClCompile>
    <ClCompile Include="F:\projects\maestro4.x\gui\cxrpdistroview.cpp">
      <Filter>Source Files</Filter>
    </ClCompile>
    <ClCompile Include="F:\projects\maestro4.x\gui\cxruntime.cpp">
      <Filter>Source Files</Filter>
    </ClCompile>
    <ClCompile Include="F:\projects\maestro4.x\gui\cxsettings.cpp">
      <Filter>Source Files</Filter>
    </ClCompile>
    <ClCompile Include="F:\projects\maestro4.x\gui\cxspikehistbar.cpp">
      <Filter>Source Files</Filter>
    </ClCompile>
    <ClCompile Include="F:\projects\maestro4.x\gui\cxtarget.cpp">
      <Filter>Source Files</Filter>
    </ClCompile>
    <ClCompile Include="F:\projects\maestro4.x\gui\cxtargform.cpp">
      <Filter>Source Files</Filter>
    </ClCompile>
    <ClCompile Include="F:\projects\maestro4.x\gui\cxtestmode.cpp">
      <Filter>Source Files</Filter>
    </ClCompile>
    <ClCompile Include="F:\projects\maestro4.x\gui\cxtreemap.cpp">
      <Filter>Source Files</Filter>
    </ClCompile>
    <ClCompile Include="F:\projects\maestro4.x\gui\cxtrial.cpp">
      <Filter>Source Files</Filter>
    </ClCompile>
    <ClCompile Include="F:\projects\maestro4.x\gui\cxtrialform.cpp">
      <Filter>Source Files</Filter>
    </ClCompile>
    <ClCompile Include="F:\projects\maestro4.x\gui\cxtrialmode.cpp">
      <Filter>Source Files</Filter>
    </ClCompile>
    <ClCompile Include="F:\projects\maestro4.x\gui\cxtrialseq.cpp">
      <Filter>Source Files</Filter>
    </ClCompile>
    <ClCompile Include="F:\projects\maestro4.x\gui\cxvideodspdlg.cpp">
      <Filter>Source Files</Filter>
    </ClCompile>
    <ClCompile Include="F:\projects\maestro4.x\gui\dib.cpp">
      <Filter>Source Files</Filter>
    </ClCompile>
    <ClCompile Include="F:\projects\maestro4.x\gui\dirchooser.cpp">
      <Filter>Source Files</Filter>
    </ClCompile>
    <ClCompile Include="F:\projects\maestro4.x\gui\graphbar.cpp">
      <Filter>Source Files</Filter>
    </ClCompile>
    <ClCompile Include="F:\projects\maestro4.x\gui\logedit.cpp">
      <Filter>Source Files</Filter>
    </ClCompile>
    <ClCompile Include="F:\projects\maestro4.x\gui\logsplash.cpp">
      <Filter>Source Files</Filter>
    </ClCompile>
    <ClCompile Include="F:\projects\maestro4.x\gui\mdrgtree.cpp">
      <Filter>Source Files</Filter>
    </ClCompile>
    <ClCompile Include="F:\projects\maestro4.x\gui\numedit.cpp">
      <Filter>Source Files</Filter>
    </ClCompile>
    <ClCompile Include="F:\projects\maestro4.x\gui\splash.cpp">
      <Filter>Source Files</Filter>
    </ClCompile>
    <ClCompile Include="F:\projects\maestro4.x\gui\stdafx.cpp">
      <Filter>Source Files</Filter>
    </ClCompile>
    <ClCompile Include="F:\projects\maestro4.x\gui\treemap.cpp">
      <Filter>Source Files</Filter>
    </ClCompile>
    <ClCompile Include="F:\projects\maestro4.x\gui\util.cpp">
      <Filter>Source Files</Filter>
    </ClCompile>
    <ClCompile Include="F:\projects\maestro4.x\gui\visualfx.cpp">
      <Filter>Source Files</Filter>
    </ClCompile>
    <ClCompile Include="F:\projects\maestro4.x\gui\xyplotbar.cpp">
      <Filter>Source Files</Filter>
    </ClCompile>
    <ClCompile Include="F:\projects\maestro4.x\gui\fileeditctrl\fileeditctrl.cpp">
      <Filter>Source Files</Filter>
    </ClCompile>
    <ClCompile Include="F:\projects\maestro4.x\gui\gridctrl\gridcell.cpp">
      <Filter>Source Files</Filter>
    </ClCompile>
    <ClCompile Include="F:\projects\maestro4.x\gui\gridctrl\gridcellbase.cpp">
      <Filter>Source Files</Filter>
    </ClCompile>
    <ClCompile Include="F:\projects\maestro4.x\gui\gridctrl\gridctrl.cpp">
      <Filter>Source Files</Filter>
    </ClCompile>
    <ClCompile Include="F:\projects\maestro4.x\gui\gridctrl\griddroptarget.cpp">
      <Filter>Source Files</Filter>
    </ClCompile>
    <ClCompile Include="F:\projects\maestro4.x\gui\gridctrl\inplacecombo.cpp">
      <Filter>Source Files</Filter>
    </ClCompile>
    <ClCompile Include="F:\projects\maestro4.x\gui\gridctrl\inplaceedit.cpp">
      <Filter>Source Files</Filter>
    </ClCompile>
    <ClCompile Include="F:\projects\maestro4.x\gui\gridctrl\inplacenumedit.cpp">
      <Filter>Source Files</Filter>
    </ClCompile>
    <ClCompile Include="F:\projects\maestro4.x\gui\gridctrl\inplacetextedit.cpp">
      <Filter>Source Files</Filter>
    </ClCompile>
    <ClCompile Include="F:\projects\maestro4.x\gui\gridctrl\inplacetree.cpp">
      <Filter>Source Files</Filter>
    </ClCompile>
    <ClCompile Include="F:\projects\maestro4.x\gui\gridctrl\litegrid.cpp">
      <Filter>Source Files</Filter>
    </ClCompile>
    <ClCompile Include="F:\projects\maestro4.x\gui\gridctrl\titletip.cpp">
      <Filter>Source Files</Filter>
    </ClCompile>
    <ClCompile Include="F:\projects\maestro4.x\gui\jmxdoc\jmxdocimporter.cpp">
      <Filter>Source Files</Filter>
    </ClCompile>
    <ClCompile Include="F:\projects\maestro4.x\gui\jmxdoc\jsonvalue.cpp">
      <Filter>Source Files</Filter>
    </ClCompile>
    <ClCompile Include="F:\projects\maestro4.x\gui\sizebar\scbarcf.cpp">
      <Filter>Source Files</Filter>
    </ClCompile>
    <ClCompile Include="F:\projects\maestro4.x\gui\sizebar\scbarg.cpp">
      <Filter>Source Files</Filter>
    </ClCompile>
    <ClCompile Include="F:\projects\maestro4.x\gui\sizebar\sizecbar.cpp">
      <Filter>Source Files</Filter>
    </ClCompile>
    <ClCompile Include="F:\projects\maestro4.x\gui\sizebar\szdlgbar.cpp">
      <Filter>Source Files</Filter>
    </ClCompile>
    <ClCompile Include="F:\projects\maestro4.x\gui\cxrtapi.cpp">
      <Filter>Source Files</Filter>
    </ClCompile>
    <ClCompile Include="F:\projects\maestro4.x\gui\funcparser.cpp">
      <Filter>Source Files</Filter>
    </ClCompile>
  </ItemGroup>
  <ItemGroup>
    <ResourceCompile Include="F:\projects\maestro4.x\gui\res\maestro.rc">
      <Filter>Resource Files</Filter>
    </ResourceCompile>
  </ItemGroup>
  <ItemGroup>
    <Image Include="F:\projects\maestro4.x\gui\res\chan.ico">
      <Filter>Resource Files</Filter>
    </Image>
    <Image Include="F:\projects\maestro4.x\gui\res\cxicons.bmp">
      <Filter>Resource Files</Filter>
    </Image>
    <Image Include="F:\projects\maestro4.x\gui\res\cxsplash.bmp">
      <Filter>Resource Files</Filter>
    </Image>
    <Image Include="F:\projects\maestro4.x\gui\res\main.ico">
      <Filter>Resource Files</Filter>
    </Image>
    <Image Include="F:\projects\maestro4.x\gui\res\mainapp.ico">
      <Filter>Resource Files</Filter>
    </Image>
    <Image Include="F:\projects\maestro4.x\gui\res\pert.ico">
      <Filter>Resource Files</Filter>
    </Image>
    <Image Include="F:\projects\maestro4.x\gui\res\stimrun.ico">
      <Filter>Resource Files</Filter>
    </Image>
    <Image Include="F:\projects\maestro4.x\gui\res\target.ico">
      <Filter>Resource Files</Filter>
    </Image>
    <Image Include="F:\projects\maestro4.x\gui\res\toolbar.bmp">
      <Filter>Resource Files</Filter>
    </Image>
    <Image Include="F:\projects\maestro4.x\gui\res\trial.ico">
      <Filter>Resource Files</Filter>
    </Image>
  </ItemGroup>
  <ItemGroup>
    <Library Include="..\..\..\..\..\..\Program Files (x86)\SR Research\EyeLink\libs\x64\eyelink_core64.lib" />
  </ItemGroup>
</Project>